PODS:
  - GoogleMaps (3.10.0):
    - GoogleMaps/Maps (= 3.10.0)
  - GoogleMaps/Base (3.10.0)
  - GoogleMaps/Maps (3.10.0):
    - GoogleMaps/Base

DEPENDENCIES:
  - GoogleMaps

SPEC REPOS:
  trunk:
    - GoogleMaps

SPEC CHECKSUMS:
  GoogleMaps: 8c080862ff2748ece9929471b30feb56a6c5079d

PODFILE CHECKSUM: e4167451a443568972bb41e0638c7d7c1c14f521

COCOAPODS: 1.9.3
