// !$*UTF8*$!
{
	archiveVersion = 1;
	classes = {
	};
	objectVersion = 50;
	objects = {

/* Begin PBXBuildFile section */
		895496504815F468F7352EE4 /* Pods_iMap_iMapUITests.framework in Frameworks */ = {isa = PBXBuildFile; fileRef = F3840B7580F733A38204F932 /* Pods_iMap_iMapUITests.framework */; };
		E0EF17E3596C7DAE4A1E24CD /* Pods_iMap.framework in Frameworks */ = {isa = PBXBuildFile; fileRef = 4DCA39BD4085B7276EFB6EF3 /* Pods_iMap.framework */; };
		E1092DF0DD67868CB597EAC5 /* Pods_iMapTests.framework in Frameworks */ = {isa = PBXBuildFile; fileRef = 0F0F23FC82BC2ACA36CB5702 /* Pods_iMapTests.framework */; };
		ED5F5ED5251D49D300455815 /* AppDelegate.swift in Sources */ = {isa = PBXBuildFile; fileRef = ED5F5ED4251D49D300455815 /* AppDelegate.swift */; };
		ED5F5ED7251D49D300455815 /* SceneDelegate.swift in Sources */ = {isa = PBXBuildFile; fileRef = ED5F5ED6251D49D300455815 /* SceneDelegate.swift */; };
		ED5F5ED9251D49D300455815 /* ViewController.swift in Sources */ = {isa = PBXBuildFile; fileRef = ED5F5ED8251D49D300455815 /* ViewController.swift */; };
		ED5F5EDC251D49D300455815 /* Main.storyboard in Resources */ = {isa = PBXBuildFile; fileRef = ED5F5EDA251D49D300455815 /* Main.storyboard */; };
		ED5F5EDE251D49D400455815 /* Assets.xcassets in Resources */ = {isa = PBXBuildFile; fileRef = ED5F5EDD251D49D400455815 /* Assets.xcassets */; };
		ED5F5EE1251D49D400455815 /* LaunchScreen.storyboard in Resources */ = {isa = PBXBuildFile; fileRef = ED5F5EDF251D49D400455815 /* LaunchScreen.storyboard */; };
		ED5F5EEC251D49D400455815 /* iMapTests.swift in Sources */ = {isa = PBXBuildFile; fileRef = ED5F5EEB251D49D400455815 /* iMapTests.swift */; };
		ED5F5EF7251D49D400455815 /* iMapUITests.swift in Sources */ = {isa = PBXBuildFile; fileRef = ED5F5EF6251D49D400455815 /* iMapUITests.swift */; };
/* End PBXBuildFile section */

/* Begin PBXContainerItemProxy section */
		ED5F5EE8251D49D400455815 /* PBXContainerItemProxy */ = {
			isa = PBXContainerItemProxy;
			containerPortal = ED5F5EC9251D49D300455815 /* Project object */;
			proxyType = 1;
			remoteGlobalIDString = ED5F5ED0251D49D300455815;
			remoteInfo = iMap;
		};
		ED5F5EF3251D49D400455815 /* PBXContainerItemProxy */ = {
			isa = PBXContainerItemProxy;
			containerPortal = ED5F5EC9251D49D300455815 /* Project object */;
			proxyType = 1;
			remoteGlobalIDString = ED5F5ED0251D49D300455815;
			remoteInfo = iMap;
		};
/* End PBXContainerItemProxy section */

/* Begin PBXFileReference section */
		021EAF395C506D0AAF326E3D /* Pods-iMapTests.debug.xcconfig */ = {isa = PBXFileReference; includeInIndex = 1; lastKnownFileType = text.xcconfig; name = "Pods-iMapTests.debug.xcconfig"; path = "Target Support Files/Pods-iMapTests/Pods-iMapTests.debug.xcconfig"; sourceTree = "<group>"; };
		0F0F23FC82BC2ACA36CB5702 /* Pods_iMapTests.framework */ = {isa = PBXFileReference; explicitFileType = wrapper.framework; includeInIndex = 0; path = Pods_iMapTests.framework; sourceTree = BUILT_PRODUCTS_DIR; };
		262378521E85E190A6D1DED6 /* Pods-iMap.release.xcconfig */ = {isa = PBXFileReference; includeInIndex = 1; lastKnownFileType = text.xcconfig; name = "Pods-iMap.release.xcconfig"; path = "Target Support Files/Pods-iMap/Pods-iMap.release.xcconfig"; sourceTree = "<group>"; };
		4DCA39BD4085B7276EFB6EF3 /* Pods_iMap.framework */ = {isa = PBXFileReference; explicitFileType = wrapper.framework; includeInIndex = 0; path = Pods_iMap.framework; sourceTree = BUILT_PRODUCTS_DIR; };
		6B62C83EC53B9B46539F978F /* Pods-iMapTests.release.xcconfig */ = {isa = PBXFileReference; includeInIndex = 1; lastKnownFileType = text.xcconfig; name = "Pods-iMapTests.release.xcconfig"; path = "Target Support Files/Pods-iMapTests/Pods-iMapTests.release.xcconfig"; sourceTree = "<group>"; };
		A204128D10A5FB18072BAE18 /* Pods-iMap.debug.xcconfig */ = {isa = PBXFileReference; includeInIndex = 1; lastKnownFileType = text.xcconfig; name = "Pods-iMap.debug.xcconfig"; path = "Target Support Files/Pods-iMap/Pods-iMap.debug.xcconfig"; sourceTree = "<group>"; };
		C76C4B4BD9C422A660B10AD5 /* Pods-iMap-iMapUITests.debug.xcconfig */ = {isa = PBXFileReference; includeInIndex = 1; lastKnownFileType = text.xcconfig; name = "Pods-iMap-iMapUITests.debug.xcconfig"; path = "Target Support Files/Pods-iMap-iMapUITests/Pods-iMap-iMapUITests.debug.xcconfig"; sourceTree = "<group>"; };
		D646F119F68BE6C143027B66 /* Pods-iMap-iMapUITests.release.xcconfig */ = {isa = PBXFileReference; includeInIndex = 1; lastKnownFileType = text.xcconfig; name = "Pods-iMap-iMapUITests.release.xcconfig"; path = "Target Support Files/Pods-iMap-iMapUITests/Pods-iMap-iMapUITests.release.xcconfig"; sourceTree = "<group>"; };
		ED5F5ED1251D49D300455815 /* iMap.app */ = {isa = PBXFileReference; explicitFileType = wrapper.application; includeInIndex = 0; path = iMap.app; sourceTree = BUILT_PRODUCTS_DIR; };
		ED5F5ED4251D49D300455815 /* AppDelegate.swift */ = {isa = PBXFileReference; lastKnownFileType = sourcecode.swift; path = AppDelegate.swift; sourceTree = "<group>"; };
		ED5F5ED6251D49D300455815 /* SceneDelegate.swift */ = {isa = PBXFileReference; lastKnownFileType = sourcecode.swift; path = SceneDelegate.swift; sourceTree = "<group>"; };
		ED5F5ED8251D49D300455815 /* ViewController.swift */ = {isa = PBXFileReference; lastKnownFileType = sourcecode.swift; path = ViewController.swift; sourceTree = "<group>"; };
		ED5F5EDB251D49D300455815 /* Base */ = {isa = PBXFileReference; lastKnownFileType = file.storyboard; name = Base; path = Base.lproj/Main.storyboard; sourceTree = "<group>"; };
		ED5F5EDD251D49D400455815 /* Assets.xcassets */ = {isa = PBXFileReference; lastKnownFileType = folder.assetcatalog; path = Assets.xcassets; sourceTree = "<group>"; };
		ED5F5EE0251D49D400455815 /* Base */ = {isa = PBXFileReference; lastKnownFileType = file.storyboard; name = Base; path = Base.lproj/LaunchScreen.storyboard; sourceTree = "<group>"; };
		ED5F5EE2251D49D400455815 /* Info.plist */ = {isa = PBXFileReference; lastKnownFileType = text.plist.xml; path = Info.plist; sourceTree = "<group>"; };
		ED5F5EE7251D49D400455815 /* iMapTests.xctest */ = {isa = PBXFileReference; explicitFileType = wrapper.cfbundle; includeInIndex = 0; path = iMapTests.xctest; sourceTree = BUILT_PRODUCTS_DIR; };
		ED5F5EEB251D49D400455815 /* iMapTests.swift */ = {isa = PBXFileReference; lastKnownFileType = sourcecode.swift; path = iMapTests.swift; sourceTree = "<group>"; };
		ED5F5EED251D49D400455815 /* Info.plist */ = {isa = PBXFileReference; lastKnownFileType = text.plist.xml; path = Info.plist; sourceTree = "<group>"; };
		ED5F5EF2251D49D400455815 /* iMapUITests.xctest */ = {isa = PBXFileReference; explicitFileType = wrapper.cfbundle; includeInIndex = 0; path = iMapUITests.xctest; sourceTree = BUILT_PRODUCTS_DIR; };
		ED5F5EF6251D49D400455815 /* iMapUITests.swift */ = {isa = PBXFileReference; lastKnownFileType = sourcecode.swift; path = iMapUITests.swift; sourceTree = "<group>"; };
		ED5F5EF8251D49D400455815 /* Info.plist */ = {isa = PBXFileReference; lastKnownFileType = text.plist.xml; path = Info.plist; sourceTree = "<group>"; };
		F3840B7580F733A38204F932 /* Pods_iMap_iMapUITests.framework */ = {isa = PBXFileReference; explicitFileType = wrapper.framework; includeInIndex = 0; path = Pods_iMap_iMapUITests.framework; sourceTree = BUILT_PRODUCTS_DIR; };
/* End PBXFileReference section */

/* Begin PBXFrameworksBuildPhase section */
		ED5F5ECE251D49D300455815 /* Frameworks */ = {
			isa = PBXFrameworksBuildPhase;
			buildActionMask = 2147483647;
			files = (
				E0EF17E3596C7DAE4A1E24CD /* Pods_iMap.framework in Frameworks */,
			);
			runOnlyForDeploymentPostprocessing = 0;
		};
		ED5F5EE4251D49D400455815 /* Frameworks */ = {
			isa = PBXFrameworksBuildPhase;
			buildActionMask = 2147483647;
			files = (
				E1092DF0DD67868CB597EAC5 /* Pods_iMapTests.framework in Frameworks */,
			);
			runOnlyForDeploymentPostprocessing = 0;
		};
		ED5F5EEF251D49D400455815 /* Frameworks */ = {
			isa = PBXFrameworksBuildPhase;
			buildActionMask = 2147483647;
			files = (
				895496504815F468F7352EE4 /* Pods_iMap_iMapUITests.framework in Frameworks */,
			);
			runOnlyForDeploymentPostprocessing = 0;
		};
/* End PBXFrameworksBuildPhase section */

/* Begin PBXGroup section */
		1FE92C58FE9D649B687A1DAC /* Pods */ = {
			isa = PBXGroup;
			children = (
				A204128D10A5FB18072BAE18 /* Pods-iMap.debug.xcconfig */,
				262378521E85E190A6D1DED6 /* Pods-iMap.release.xcconfig */,
				C76C4B4BD9C422A660B10AD5 /* Pods-iMap-iMapUITests.debug.xcconfig */,
				D646F119F68BE6C143027B66 /* Pods-iMap-iMapUITests.release.xcconfig */,
				021EAF395C506D0AAF326E3D /* Pods-iMapTests.debug.xcconfig */,
				6B62C83EC53B9B46539F978F /* Pods-iMapTests.release.xcconfig */,
			);
			name = Pods;
			path = Pods;
			sourceTree = "<group>";
		};
		67A503C14774EEC34381C1DE /* Frameworks */ = {
			isa = PBXGroup;
			children = (
				4DCA39BD4085B7276EFB6EF3 /* Pods_iMap.framework */,
				F3840B7580F733A38204F932 /* Pods_iMap_iMapUITests.framework */,
				0F0F23FC82BC2ACA36CB5702 /* Pods_iMapTests.framework */,
			);
			name = Frameworks;
			sourceTree = "<group>";
		};
		ED5F5EC8251D49D300455815 = {
			isa = PBXGroup;
			children = (
				ED5F5ED3251D49D300455815 /* iMap */,
				ED5F5EEA251D49D400455815 /* iMapTests */,
				ED5F5EF5251D49D400455815 /* iMapUITests */,
				ED5F5ED2251D49D300455815 /* Products */,
				1FE92C58FE9D649B687A1DAC /* Pods */,
				67A503C14774EEC34381C1DE /* Frameworks */,
			);
			sourceTree = "<group>";
		};
		ED5F5ED2251D49D300455815 /* Products */ = {
			isa = PBXGroup;
			children = (
				ED5F5ED1251D49D300455815 /* iMap.app */,
				ED5F5EE7251D49D400455815 /* iMapTests.xctest */,
				ED5F5EF2251D49D400455815 /* iMapUITests.xctest */,
			);
			name = Products;
			sourceTree = "<group>";
		};
		ED5F5ED3251D49D300455815 /* iMap */ = {
			isa = PBXGroup;
			children = (
				ED5F5ED4251D49D300455815 /* AppDelegate.swift */,
				ED5F5ED6251D49D300455815 /* SceneDelegate.swift */,
				ED5F5ED8251D49D300455815 /* ViewController.swift */,
				ED5F5EDA251D49D300455815 /* Main.storyboard */,
				ED5F5EDD251D49D400455815 /* Assets.xcassets */,
				ED5F5EDF251D49D400455815 /* LaunchScreen.storyboard */,
				ED5F5EE2251D49D400455815 /* Info.plist */,
			);
			path = iMap;
			sourceTree = "<group>";
		};
		ED5F5EEA251D49D400455815 /* iMapTests */ = {
			isa = PBXGroup;
			children = (
				ED5F5EEB251D49D400455815 /* iMapTests.swift */,
				ED5F5EED251D49D400455815 /* Info.plist */,
			);
			path = iMapTests;
			sourceTree = "<group>";
		};
		ED5F5EF5251D49D400455815 /* iMapUITests */ = {
			isa = PBXGroup;
			children = (
				ED5F5EF6251D49D400455815 /* iMapUITests.swift */,
				ED5F5EF8251D49D400455815 /* Info.plist */,
			);
			path = iMapUITests;
			sourceTree = "<group>";
		};
/* End PBXGroup section */

/* Begin PBXNativeTarget section */
		ED5F5ED0251D49D300455815 /* iMap */ = {
			isa = PBXNativeTarget;
			buildConfigurationList = ED5F5EFB251D49D400455815 /* Build configuration list for PBXNativeTarget "iMap" */;
			buildPhases = (
				BAC9DA9F7377CC63936566FE /* [CP] Check Pods Manifest.lock */,
				ED5F5ECD251D49D300455815 /* Sources */,
				ED5F5ECE251D49D300455815 /* Frameworks */,
				ED5F5ECF251D49D300455815 /* Resources */,
				9073513AB88B2FDAF88FDE54 /* [CP] Copy Pods Resources */,
			);
			buildRules = (
			);
			dependencies = (
			);
			name = iMap;
			productName = iMap;
			productReference = ED5F5ED1251D49D300455815 /* iMap.app */;
			productType = "com.apple.product-type.application";
		};
		ED5F5EE6251D49D400455815 /* iMapTests */ = {
			isa = PBXNativeTarget;
			buildConfigurationList = ED5F5EFE251D49D400455815 /* Build configuration list for PBXNativeTarget "iMapTests" */;
			buildPhases = (
				ECA90DA5546E82C83DE68515 /* [CP] Check Pods Manifest.lock */,
				ED5F5EE3251D49D400455815 /* Sources */,
				ED5F5EE4251D49D400455815 /* Frameworks */,
				ED5F5EE5251D49D400455815 /* Resources */,
			);
			buildRules = (
			);
			dependencies = (
				ED5F5EE9251D49D400455815 /* PBXTargetDependency */,
			);
			name = iMapTests;
			productName = iMapTests;
			productReference = ED5F5EE7251D49D400455815 /* iMapTests.xctest */;
			productType = "com.apple.product-type.bundle.unit-test";
		};
		ED5F5EF1251D49D400455815 /* iMapUITests */ = {
			isa = PBXNativeTarget;
			buildConfigurationList = ED5F5F01251D49D400455815 /* Build configuration list for PBXNativeTarget "iMapUITests" */;
			buildPhases = (
				7621F5CA5A28FC58F597DD23 /* [CP] Check Pods Manifest.lock */,
				ED5F5EEE251D49D400455815 /* Sources */,
				ED5F5EEF251D49D400455815 /* Frameworks */,
				ED5F5EF0251D49D400455815 /* Resources */,
				64B1116C52744B3E40A98402 /* [CP] Copy Pods Resources */,
			);
			buildRules = (
			);
			dependencies = (
				ED5F5EF4251D49D400455815 /* PBXTargetDependency */,
			);
			name = iMapUITests;
			productName = iMapUITests;
			productReference = ED5F5EF2251D49D400455815 /* iMapUITests.xctest */;
			productType = "com.apple.product-type.bundle.ui-testing";
		};
/* End PBXNativeTarget section */

/* Begin PBXProject section */
		ED5F5EC9251D49D300455815 /* Project object */ = {
			isa = PBXProject;
			attributes = {
				LastSwiftUpdateCheck = 1200;
				LastUpgradeCheck = 1200;
				TargetAttributes = {
					ED5F5ED0251D49D300455815 = {
						CreatedOnToolsVersion = 12.0;
					};
					ED5F5EE6251D49D400455815 = {
						CreatedOnToolsVersion = 12.0;
						TestTargetID = ED5F5ED0251D49D300455815;
					};
					ED5F5EF1251D49D400455815 = {
						CreatedOnToolsVersion = 12.0;
						TestTargetID = ED5F5ED0251D49D300455815;
					};
				};
			};
			buildConfigurationList = ED5F5ECC251D49D300455815 /* Build configuration list for PBXProject "iMap" */;
			compatibilityVersion = "Xcode 9.3";
			developmentRegion = en;
			hasScannedForEncodings = 0;
			knownRegions = (
				en,
				Base,
			);
			mainGroup = ED5F5EC8251D49D300455815;
			productRefGroup = ED5F5ED2251D49D300455815 /* Products */;
			projectDirPath = "";
			projectRoot = "";
			targets = (
				ED5F5ED0251D49D300455815 /* iMap */,
				ED5F5EE6251D49D400455815 /* iMapTests */,
				ED5F5EF1251D49D400455815 /* iMapUITests */,
			);
		};
/* End PBXProject section */

/* Begin PBXResourcesBuildPhase section */
		ED5F5ECF251D49D300455815 /* Resources */ = {
			isa = PBXResourcesBuildPhase;
			buildActionMask = 2147483647;
			files = (
				ED5F5EE1251D49D400455815 /* LaunchScreen.storyboard in Resources */,
				ED5F5EDE251D49D400455815 /* Assets.xcassets in Resources */,
				ED5F5EDC251D49D300455815 /* Main.storyboard in Resources */,
			);
			runOnlyForDeploymentPostprocessing = 0;
		};
		ED5F5EE5251D49D400455815 /* Resources */ = {
			isa = PBXResourcesBuildPhase;
			buildActionMask = 2147483647;
			files = (
			);
			runOnlyForDeploymentPostprocessing = 0;
		};
		ED5F5EF0251D49D400455815 /* Resources */ = {
			isa = PBXResourcesBuildPhase;
			buildActionMask = 2147483647;
			files = (
			);
			runOnlyForDeploymentPostprocessing = 0;
		};
/* End PBXResourcesBuildPhase section */

/* Begin PBXShellScriptBuildPhase section */
		64B1116C52744B3E40A98402 /* [CP] Copy Pods Resources */ = {
			isa = PBXShellScriptBuildPhase;
			buildActionMask = 2147483647;
			files = (
			);
			inputFileListPaths = (
				"${PODS_ROOT}/Target Support Files/Pods-iMap-iMapUITests/Pods-iMap-iMapUITests-resources-${CONFIGURATION}-input-files.xcfilelist",
			);
			name = "[CP] Copy Pods Resources";
			outputFileListPaths = (
				"${PODS_ROOT}/Target Support Files/Pods-iMap-iMapUITests/Pods-iMap-iMapUITests-resources-${CONFIGURATION}-output-files.xcfilelist",
			);
			runOnlyForDeploymentPostprocessing = 0;
			shellPath = /bin/sh;
			shellScript = "\"${PODS_ROOT}/Target Support Files/Pods-iMap-iMapUITests/Pods-iMap-iMapUITests-resources.sh\"\n";
			showEnvVarsInLog = 0;
		};
		7621F5CA5A28FC58F597DD23 /* [CP] Check Pods Manifest.lock */ = {
			isa = PBXShellScriptBuildPhase;
			buildActionMask = 2147483647;
			files = (
			);
			inputFileListPaths = (
			);
			inputPaths = (
				"${PODS_PODFILE_DIR_PATH}/Podfile.lock",
				"${PODS_ROOT}/Manifest.lock",
			);
			name = "[CP] Check Pods Manifest.lock";
			outputFileListPaths = (
			);
			outputPaths = (
				"$(DERIVED_FILE_DIR)/Pods-iMap-iMapUITests-checkManifestLockResult.txt",
			);
			runOnlyForDeploymentPostprocessing = 0;
			shellPath = /bin/sh;
			shellScript = "diff \"${PODS_PODFILE_DIR_PATH}/Podfile.lock\" \"${PODS_ROOT}/Manifest.lock\" > /dev/null\nif [ $? != 0 ] ; then\n    # print error to STDERR\n    echo \"error: The sandbox is not in sync with the Podfile.lock. Run 'pod install' or update your CocoaPods installation.\" >&2\n    exit 1\nfi\n# This output is used by Xcode 'outputs' to avoid re-running this script phase.\necho \"SUCCESS\" > \"${SCRIPT_OUTPUT_FILE_0}\"\n";
			showEnvVarsInLog = 0;
		};
		9073513AB88B2FDAF88FDE54 /* [CP] Copy Pods Resources */ = {
			isa = PBXShellScriptBuildPhase;
			buildActionMask = 2147483647;
			files = (
			);
			inputFileListPaths = (
				"${PODS_ROOT}/Target Support Files/Pods-iMap/Pods-iMap-resources-${CONFIGURATION}-input-files.xcfilelist",
			);
			name = "[CP] Copy Pods Resources";
			outputFileListPaths = (
				"${PODS_ROOT}/Target Support Files/Pods-iMap/Pods-iMap-resources-${CONFIGURATION}-output-files.xcfilelist",
			);
			runOnlyForDeploymentPostprocessing = 0;
			shellPath = /bin/sh;
			shellScript = "\"${PODS_ROOT}/Target Support Files/Pods-iMap/Pods-iMap-resources.sh\"\n";
			showEnvVarsInLog = 0;
		};
		BAC9DA9F7377CC63936566FE /* [CP] Check Pods Manifest.lock */ = {
			isa = PBXShellScriptBuildPhase;
			buildActionMask = 2147483647;
			files = (
			);
			inputFileListPaths = (
			);
			inputPaths = (
				"${PODS_PODFILE_DIR_PATH}/Podfile.lock",
				"${PODS_ROOT}/Manifest.lock",
			);
			name = "[CP] Check Pods Manifest.lock";
			outputFileListPaths = (
			);
			outputPaths = (
				"$(DERIVED_FILE_DIR)/Pods-iMap-checkManifestLockResult.txt",
			);
			runOnlyForDeploymentPostprocessing = 0;
			shellPath = /bin/sh;
			shellScript = "diff \"${PODS_PODFILE_DIR_PATH}/Podfile.lock\" \"${PODS_ROOT}/Manifest.lock\" > /dev/null\nif [ $? != 0 ] ; then\n    # print error to STDERR\n    echo \"error: The sandbox is not in sync with the Podfile.lock. Run 'pod install' or update your CocoaPods installation.\" >&2\n    exit 1\nfi\n# This output is used by Xcode 'outputs' to avoid re-running this script phase.\necho \"SUCCESS\" > \"${SCRIPT_OUTPUT_FILE_0}\"\n";
			showEnvVarsInLog = 0;
		};
		ECA90DA5546E82C83DE68515 /* [CP] Check Pods Manifest.lock */ = {
			isa = PBXShellScriptBuildPhase;
			buildActionMask = 2147483647;
			files = (
			);
			inputFileListPaths = (
			);
			inputPaths = (
				"${PODS_PODFILE_DIR_PATH}/Podfile.lock",
				"${PODS_ROOT}/Manifest.lock",
			);
			name = "[CP] Check Pods Manifest.lock";
			outputFileListPaths = (
			);
			outputPaths = (
				"$(DERIVED_FILE_DIR)/Pods-iMapTests-checkManifestLockResult.txt",
			);
			runOnlyForDeploymentPostprocessing = 0;
			shellPath = /bin/sh;
			shellScript = "diff \"${PODS_PODFILE_DIR_PATH}/Podfile.lock\" \"${PODS_ROOT}/Manifest.lock\" > /dev/null\nif [ $? != 0 ] ; then\n    # print error to STDERR\n    echo \"error: The sandbox is not in sync with the Podfile.lock. Run 'pod install' or update your CocoaPods installation.\" >&2\n    exit 1\nfi\n# This output is used by Xcode 'outputs' to avoid re-running this script phase.\necho \"SUCCESS\" > \"${SCRIPT_OUTPUT_FILE_0}\"\n";
			showEnvVarsInLog = 0;
		};
/* End PBXShellScriptBuildPhase section */

/* Begin PBXSourcesBuildPhase section */
		ED5F5ECD251D49D300455815 /* Sources */ = {
			isa = PBXSourcesBuildPhase;
			buildActionMask = 2147483647;
			files = (
				ED5F5ED9251D49D300455815 /* ViewController.swift in Sources */,
				ED5F5ED5251D49D300455815 /* AppDelegate.swift in Sources */,
				ED5F5ED7251D49D300455815 /* SceneDelegate.swift in Sources */,
			);
			runOnlyForDeploymentPostprocessing = 0;
		};
		ED5F5EE3251D49D400455815 /* Sources */ = {
			isa = PBXSourcesBuildPhase;
			buildActionMask = 2147483647;
			files = (
				ED5F5EEC251D49D400455815 /* iMapTests.swift in Sources */,
			);
			runOnlyForDeploymentPostprocessing = 0;
		};
		ED5F5EEE251D49D400455815 /* Sources */ = {
			isa = PBXSourcesBuildPhase;
			buildActionMask = 2147483647;
			files = (
				ED5F5EF7251D49D400455815 /* iMapUITests.swift in Sources */,
			);
			runOnlyForDeploymentPostprocessing = 0;
		};
/* End PBXSourcesBuildPhase section */

/* Begin PBXTargetDependency section */
		ED5F5EE9251D49D400455815 /* PBXTargetDependency */ = {
			isa = PBXTargetDependency;
			target = ED5F5ED0251D49D300455815 /* iMap */;
			targetProxy = ED5F5EE8251D49D400455815 /* PBXContainerItemProxy */;
		};
		ED5F5EF4251D49D400455815 /* PBXTargetDependency */ = {
			isa = PBXTargetDependency;
			target = ED5F5ED0251D49D300455815 /* iMap */;
			targetProxy = ED5F5EF3251D49D400455815 /* PBXContainerItemProxy */;
		};
/* End PBXTargetDependency section */

/* Begin PBXVariantGroup section */
		ED5F5EDA251D49D300455815 /* Main.storyboard */ = {
			isa = PBXVariantGroup;
			children = (
				ED5F5EDB251D49D300455815 /* Base */,
			);
			name = Main.storyboard;
			sourceTree = "<group>";
		};
		ED5F5EDF251D49D400455815 /* LaunchScreen.storyboard */ = {
			isa = PBXVariantGroup;
			children = (
				ED5F5EE0251D49D400455815 /* Base */,
			);
			name = LaunchScreen.storyboard;
			sourceTree = "<group>";
		};
/* End PBXVariantGroup section */

/* Begin XCBuildConfiguration section */
		ED5F5EF9251D49D400455815 /* Debug */ = {
			isa = XCBuildConfiguration;
			buildSettings = {
				ALWAYS_SEARCH_USER_PATHS = NO;
				CLANG_ANALYZER_NONNULL = YES;
				CLANG_ANALYZER_NUMBER_OBJECT_CONVERSION = YES_AGGRESSIVE;
				CLANG_CXX_LANGUAGE_STANDARD = "gnu++14";
				CLANG_CXX_LIBRARY = "libc++";
				CLANG_ENABLE_MODULES = YES;
				CLANG_ENABLE_OBJC_ARC = YES;
				CLANG_ENABLE_OBJC_WEAK = YES;
				CLANG_WARN_BLOCK_CAPTURE_AUTORELEASING = YES;
				CLANG_WARN_BOOL_CONVERSION = YES;
				CLANG_WARN_COMMA = YES;
				CLANG_WARN_CONSTANT_CONVERSION = YES;
				CLANG_WARN_DEPRECATED_OBJC_IMPLEMENTATIONS = YES;
				CLANG_WARN_DIRECT_OBJC_ISA_USAGE = YES_ERROR;
				CLANG_WARN_DOCUMENTATION_COMMENTS = YES;
				CLANG_WARN_EMPTY_BODY = YES;
				CLANG_WARN_ENUM_CONVERSION = YES;
				CLANG_WARN_INFINITE_RECURSION = YES;
				CLANG_WARN_INT_CONVERSION = YES;
				CLANG_WARN_NON_LITERAL_NULL_CONVERSION = YES;
				CLANG_WARN_OBJC_IMPLICIT_RETAIN_SELF = YES;
				CLANG_WARN_OBJC_LITERAL_CONVERSION = YES;
				CLANG_WARN_OBJC_ROOT_CLASS = YES_ERROR;
				CLANG_WARN_QUOTED_INCLUDE_IN_FRAMEWORK_HEADER = YES;
				CLANG_WARN_RANGE_LOOP_ANALYSIS = YES;
				CLANG_WARN_STRICT_PROTOTYPES = YES;
				CLANG_WARN_SUSPICIOUS_MOVE = YES;
				CLANG_WARN_UNGUARDED_AVAILABILITY = YES_AGGRESSIVE;
				CLANG_WARN_UNREACHABLE_CODE = YES;
				CLANG_WARN__DUPLICATE_METHOD_MATCH = YES;
				COPY_PHASE_STRIP = NO;
				DEBUG_INFORMATION_FORMAT = dwarf;
				ENABLE_STRICT_OBJC_MSGSEND = YES;
				ENABLE_TESTABILITY = YES;
				GCC_C_LANGUAGE_STANDARD = gnu11;
				GCC_DYNAMIC_NO_PIC = NO;
				GCC_NO_COMMON_BLOCKS = YES;
				GCC_OPTIMIZATION_LEVEL = 0;
				GCC_PREPROCESSOR_DEFINITIONS = (
					"DEBUG=1",
					"$(inherited)",
				);
				GCC_WARN_64_TO_32_BIT_CONVERSION = YES;
				GCC_WARN_ABOUT_RETURN_TYPE = YES_ERROR;
				GCC_WARN_UNDECLARED_SELECTOR = YES;
				GCC_WARN_UNINITIALIZED_AUTOS = YES_AGGRESSIVE;
				GCC_WARN_UNUSED_FUNCTION = YES;
				GCC_WARN_UNUSED_VARIABLE = YES;
				IPHONEOS_DEPLOYMENT_TARGET = 14.0;
				MTL_ENABLE_DEBUG_INFO = INCLUDE_SOURCE;
				MTL_FAST_MATH = YES;
				ONLY_ACTIVE_ARCH = YES;
				SDKROOT = iphoneos;
				SWIFT_ACTIVE_COMPILATION_CONDITIONS = DEBUG;
				SWIFT_OPTIMIZATION_LEVEL = "-Onone";
			};
			name = Debug;
		};
		ED5F5EFA251D49D400455815 /* Release */ = {
			isa = XCBuildConfiguration;
			buildSettings = {
				ALWAYS_SEARCH_USER_PATHS = NO;
				CLANG_ANALYZER_NONNULL = YES;
				CLANG_ANALYZER_NUMBER_OBJECT_CONVERSION = YES_AGGRESSIVE;
				CLANG_CXX_LANGUAGE_STANDARD = "gnu++14";
				CLANG_CXX_LIBRARY = "libc++";
				CLANG_ENABLE_MODULES = YES;
				CLANG_ENABLE_OBJC_ARC = YES;
				CLANG_ENABLE_OBJC_WEAK = YES;
				CLANG_WARN_BLOCK_CAPTURE_AUTORELEASING = YES;
				CLANG_WARN_BOOL_CONVERSION = YES;
				CLANG_WARN_COMMA = YES;
				CLANG_WARN_CONSTANT_CONVERSION = YES;
				CLANG_WARN_DEPRECATED_OBJC_IMPLEMENTATIONS = YES;
				CLANG_WARN_DIRECT_OBJC_ISA_USAGE = YES_ERROR;
				CLANG_WARN_DOCUMENTATION_COMMENTS = YES;
				CLANG_WARN_EMPTY_BODY = YES;
				CLANG_WARN_ENUM_CONVERSION = YES;
				CLANG_WARN_INFINITE_RECURSION = YES;
				CLANG_WARN_INT_CONVERSION = YES;
				CLANG_WARN_NON_LITERAL_NULL_CONVERSION = YES;
				CLANG_WARN_OBJC_IMPLICIT_RETAIN_SELF = YES;
				CLANG_WARN_OBJC_LITERAL_CONVERSION = YES;
				CLANG_WARN_OBJC_ROOT_CLASS = YES_ERROR;
				CLANG_WARN_QUOTED_INCLUDE_IN_FRAMEWORK_HEADER = YES;
				CLANG_WARN_RANGE_LOOP_ANALYSIS = YES;
				CLANG_WARN_STRICT_PROTOTYPES = YES;
				CLANG_WARN_SUSPICIOUS_MOVE = YES;
				CLANG_WARN_UNGUARDED_AVAILABILITY = YES_AGGRESSIVE;
				CLANG_WARN_UNREACHABLE_CODE = YES;
				CLANG_WARN__DUPLICATE_METHOD_MATCH = YES;
				COPY_PHASE_STRIP = NO;
				DEBUG_INFORMATION_FORMAT = "dwarf-with-dsym";
				ENABLE_NS_ASSERTIONS = NO;
				ENABLE_STRICT_OBJC_MSGSEND = YES;
				GCC_C_LANGUAGE_STANDARD = gnu11;
				GCC_NO_COMMON_BLOCKS = YES;
				GCC_WARN_64_TO_32_BIT_CONVERSION = YES;
				GCC_WARN_ABOUT_RETURN_TYPE = YES_ERROR;
				GCC_WARN_UNDECLARED_SELECTOR = YES;
				GCC_WARN_UNINITIALIZED_AUTOS = YES_AGGRESSIVE;
				GCC_WARN_UNUSED_FUNCTION = YES;
				GCC_WARN_UNUSED_VARIABLE = YES;
				IPHONEOS_DEPLOYMENT_TARGET = 14.0;
				MTL_ENABLE_DEBUG_INFO = NO;
				MTL_FAST_MATH = YES;
				SDKROOT = iphoneos;
				SWIFT_COMPILATION_MODE = wholemodule;
				SWIFT_OPTIMIZATION_LEVEL = "-O";
				VALIDATE_PRODUCT = YES;
			};
			name = Release;
		};
		ED5F5EFC251D49D400455815 /* Debug */ = {
			isa = XCBuildConfiguration;
			baseConfigurationReference = A204128D10A5FB18072BAE18 /* Pods-iMap.debug.xcconfig */;
			buildSettings = {
				ASSETCATALOG_COMPILER_APPICON_NAME = AppIcon;
				ASSETCATALOG_COMPILER_GLOBAL_ACCENT_COLOR_NAME = AccentColor;
				CODE_SIGN_STYLE = Automatic;
				DEVELOPMENT_TEAM = 45M3BDQ7XB;
				INFOPLIST_FILE = iMap/Info.plist;
				LD_RUNPATH_SEARCH_PATHS = (
					"$(inherited)",
					"@executable_path/Frameworks",
				);
				PRODUCT_BUNDLE_IDENTIFIER = devclub.iMap;
				PRODUCT_NAME = "$(TARGET_NAME)";
				SWIFT_VERSION = 5.0;
				TARGETED_DEVICE_FAMILY = "1,2";
			};
			name = Debug;
		};
		ED5F5EFD251D49D400455815 /* Release */ = {
			isa = XCBuildConfiguration;
			baseConfigurationReference = 262378521E85E190A6D1DED6 /* Pods-iMap.release.xcconfig */;
			buildSettings = {
				ASSETCATALOG_COMPILER_APPICON_NAME = AppIcon;
				ASSETCATALOG_COMPILER_GLOBAL_ACCENT_COLOR_NAME = AccentColor;
				CODE_SIGN_STYLE = Automatic;
				DEVELOPMENT_TEAM = 45M3BDQ7XB;
				INFOPLIST_FILE = iMap/Info.plist;
				LD_RUNPATH_SEARCH_PATHS = (
					"$(inherited)",
					"@executable_path/Frameworks",
				);
				PRODUCT_BUNDLE_IDENTIFIER = devclub.iMap;
				PRODUCT_NAME = "$(TARGET_NAME)";
				SWIFT_VERSION = 5.0;
				TARGETED_DEVICE_FAMILY = "1,2";
			};
			name = Release;
		};
		ED5F5EFF251D49D400455815 /* Debug */ = {
			isa = XCBuildConfiguration;
			baseConfigurationReference = 021EAF395C506D0AAF326E3D /* Pods-iMapTests.debug.xcconfig */;
			buildSettings = {
				ALWAYS_EMBED_SWIFT_STANDARD_LIBRARIES = YES;
				BUNDLE_LOADER = "$(TEST_HOST)";
				CODE_SIGN_STYLE = Automatic;
				DEVELOPMENT_TEAM = 45M3BDQ7XB;
				INFOPLIST_FILE = iMapTests/Info.plist;
				IPHONEOS_DEPLOYMENT_TARGET = 14.0;
				LD_RUNPATH_SEARCH_PATHS = (
					"$(inherited)",
					"@executable_path/Frameworks",
					"@loader_path/Frameworks",
				);
				PRODUCT_BUNDLE_IDENTIFIER = devclub.iMapTests;
				PRODUCT_NAME = "$(TARGET_NAME)";
				SWIFT_VERSION = 5.0;
				TARGETED_DEVICE_FAMILY = "1,2";
				TEST_HOST = "$(BUILT_PRODUCTS_DIR)/iMap.app/iMap";
			};
			name = Debug;
		};
		ED5F5F00251D49D400455815 /* Release */ = {
			isa = XCBuildConfiguration;
			baseConfigurationReference = 6B62C83EC53B9B46539F978F /* Pods-iMapTests.release.xcconfig */;
			buildSettings = {
				ALWAYS_EMBED_SWIFT_STANDARD_LIBRARIES = YES;
				BUNDLE_LOADER = "$(TEST_HOST)";
				CODE_SIGN_STYLE = Automatic;
				DEVELOPMENT_TEAM = 45M3BDQ7XB;
				INFOPLIST_FILE = iMapTests/Info.plist;
				IPHONEOS_DEPLOYMENT_TARGET = 14.0;
				LD_RUNPATH_SEARCH_PATHS = (
					"$(inherited)",
					"@executable_path/Frameworks",
					"@loader_path/Frameworks",
				);
				PRODUCT_BUNDLE_IDENTIFIER = devclub.iMapTests;
				PRODUCT_NAME = "$(TARGET_NAME)";
				SWIFT_VERSION = 5.0;
				TARGETED_DEVICE_FAMILY = "1,2";
				TEST_HOST = "$(BUILT_PRODUCTS_DIR)/iMap.app/iMap";
			};
			name = Release;
		};
		ED5F5F02251D49D400455815 /* Debug */ = {
			isa = XCBuildConfiguration;
			baseConfigurationReference = C76C4B4BD9C422A660B10AD5 /* Pods-iMap-iMapUITests.debug.xcconfig */;
			buildSettings = {
				ALWAYS_EMBED_SWIFT_STANDARD_LIBRARIES = YES;
				CODE_SIGN_STYLE = Automatic;
				DEVELOPMENT_TEAM = 45M3BDQ7XB;
				INFOPLIST_FILE = iMapUITests/Info.plist;
				LD_RUNPATH_SEARCH_PATHS = (
					"$(inherited)",
					"@executable_path/Frameworks",
					"@loader_path/Frameworks",
				);
				PRODUCT_BUNDLE_IDENTIFIER = devclub.iMapUITests;
				PRODUCT_NAME = "$(TARGET_NAME)";
				SWIFT_VERSION = 5.0;
				TARGETED_DEVICE_FAMILY = "1,2";
				TEST_TARGET_NAME = iMap;
			};
			name = Debug;
		};
		ED5F5F03251D49D400455815 /* Release */ = {
			isa = XCBuildConfiguration;
			baseConfigurationReference = D646F119F68BE6C143027B66 /* Pods-iMap-iMapUITests.release.xcconfig */;
			buildSettings = {
				ALWAYS_EMBED_SWIFT_STANDARD_LIBRARIES = YES;
				CODE_SIGN_STYLE = Automatic;
				DEVELOPMENT_TEAM = 45M3BDQ7XB;
				INFOPLIST_FILE = iMapUITests/Info.plist;
				LD_RUNPATH_SEARCH_PATHS = (
					"$(inherited)",
					"@executable_path/Frameworks",
					"@loader_path/Frameworks",
				);
				PRODUCT_BUNDLE_IDENTIFIER = devclub.iMapUITests;
				PRODUCT_NAME = "$(TARGET_NAME)";
				SWIFT_VERSION = 5.0;
				TARGETED_DEVICE_FAMILY = "1,2";
				TEST_TARGET_NAME = iMap;
			};
			name = Release;
		};
/* End XCBuildConfiguration section */

/* Begin XCConfigurationList section */
		ED5F5ECC251D49D300455815 /* Build configuration list for PBXProject "iMap" */ = {
			isa = XCConfigurationList;
			buildConfigurations = (
				ED5F5EF9251D49D400455815 /* Debug */,
				ED5F5EFA251D49D400455815 /* Release */,
			);
			defaultConfigurationIsVisible = 0;
			defaultConfigurationName = Release;
		};
		ED5F5EFB251D49D400455815 /* Build configuration list for PBXNativeTarget "iMap" */ = {
			isa = XCConfigurationList;
			buildConfigurations = (
				ED5F5EFC251D49D400455815 /* Debug */,
				ED5F5EFD251D49D400455815 /* Release */,
			);
			defaultConfigurationIsVisible = 0;
			defaultConfigurationName = Release;
		};
		ED5F5EFE251D49D400455815 /* Build configuration list for PBXNativeTarget "iMapTests" */ = {
			isa = XCConfigurationList;
			buildConfigurations = (
				ED5F5EFF251D49D400455815 /* Debug */,
				ED5F5F00251D49D400455815 /* Release */,
			);
			defaultConfigurationIsVisible = 0;
			defaultConfigurationName = Release;
		};
		ED5F5F01251D49D400455815 /* Build configuration list for PBXNativeTarget "iMapUITests" */ = {
			isa = XCConfigurationList;
			buildConfigurations = (
				ED5F5F02251D49D400455815 /* Debug */,
				ED5F5F03251D49D400455815 /* Release */,
			);
			defaultConfigurationIsVisible = 0;
			defaultConfigurationName = Release;
		};
/* End XCConfigurationList section */
	};
	rootObject = ED5F5EC9251D49D300455815 /* Project object */;
}
